
Microsoft Visual Studio Solution File, Format Version 12.00
# Visual Studio 15
VisualStudioVersion = 15.0.28010.2003
MinimumVisualStudioVersion = 10.0.40219.1
Project("{FAE04EC0-301F-11D3-BF4B-00C04F79EFBC}") = "CloudmersiveOCRDemo", "CloudmersiveOCRDemo\CloudmersiveOCRDemo.csproj", "{5F729F98-33A8-4F4E-BD03-C3549B397F32}"
EndProject
Global
	GlobalSection(SolutionConfigurationPlatforms) = preSolution
		Debug|Any CPU = Debug|Any CPU
		Release|Any CPU = Release|Any CPU
	EndGlobalSection
	GlobalSection(ProjectConfigurationPlatforms) = postSolution
		{5F729F98-33A8-4F4E-BD03-C3549B397F32}.Debug|Any CPU.ActiveCfg = Debug|Any CPU
		{5F729F98-33A8-4F4E-BD03-C3549B397F32}.Debug|Any CPU.Build.0 = Debug|Any CPU
		{5F729F98-33A8-4F4E-BD03-C3549B397F32}.Release|Any CPU.ActiveCfg = Release|Any CPU
		{5F729F98-33A8-4F4E-BD03-C3549B397F32}.Release|Any CPU.Build.0 = Release|Any CPU
	EndGlobalSection
	GlobalSection(SolutionProperties) = preSolution
		HideSolutionNode = FALSE
	EndGlobalSection
	GlobalSection(ExtensibilityGlobals) = postSolution
		SolutionGuid = {13EDAD0B-1E5A-4BCE-8633-34C553C06191}
	EndGlobalSection
EndGlobal
